<?xml version="1.0" encoding="utf-8"?>
<Project ToolsVersion="4.0" xmlns="http://schemas.microsoft.com/developer/msbuild/2003">
  <ItemGroup>
    <Filter Include="A2GUI">
      <UniqueIdentifier>{1DDDB30C-89F1-DBBD-5273-7F1DBE46D8EE}</UniqueIdentifier>
    </Filter>
    <Filter Include="Console">
      <UniqueIdentifier>{389F3134-A47E-B0CF-AD96-3BA619F51631}</UniqueIdentifier>
    </Filter>
    <Filter Include="GameInterface">
      <UniqueIdentifier>{308B3CEE-9C4B-B824-6586-01A2D105FD00}</UniqueIdentifier>
    </Filter>
    <Filter Include="ImGui">
      <UniqueIdentifier>{C0FF640D-2C14-8DBE-F595-301E616989EF}</UniqueIdentifier>
    </Filter>
    <Filter Include="Input">
      <UniqueIdentifier>{953A660D-014F-8EBE-CAD0-311E36A48AEF}</UniqueIdentifier>
    </Filter>
    <Filter Include="Locale">
      <UniqueIdentifier>{F5A837C1-E14A-6297-CA05-76EBB646E9E7}</UniqueIdentifier>
    </Filter>
    <Filter Include="Movie">
      <UniqueIdentifier>{E540AF0D-5155-D7BE-1AD7-7A1E86AAD3EF}</UniqueIdentifier>
    </Filter>
    <Filter Include="Platform">
      <UniqueIdentifier>{2AC788B4-1694-E3BF-3FAD-D1672BD9184E}</UniqueIdentifier>
    </Filter>
    <Filter Include="Platform\Windows">
      <UniqueIdentifier>{64FBD71A-50F4-F66C-7926-DCF1657ED678}</UniqueIdentifier>
    </Filter>
    <Filter Include="Platform\Windows\DX11">
      <UniqueIdentifier>{3100CAE4-9D6C-85DF-6660-1D3DD28BA747}</UniqueIdentifier>
    </Filter>
    <Filter Include="Platform\Windows\DX11\A2GUI">
      <UniqueIdentifier>{78F38602-E400-B5E8-6DE7-B0D3D9F3809F}</UniqueIdentifier>
    </Filter>
    <Filter Include="Platform\Windows\DX11\Movie">
      <UniqueIdentifier>{40578203-AC64-B0E9-354B-ACD4A1577CA0}</UniqueIdentifier>
    </Filter>
    <Filter Include="Render">
      <UniqueIdentifier>{C5BB87CE-B15D-B2A4-9A18-C6F8865939F5}</UniqueIdentifier>
    </Filter>
    <Filter Include="Render\ModelLoading">
      <UniqueIdentifier>{43088EAC-AF69-6BBA-38D7-B16CA437A279}</UniqueIdentifier>
    </Filter>
    <Filter Include="Shaders">
      <UniqueIdentifier>{EFAC8DF2-5B8C-0C8E-64A4-9764D00273EF}</UniqueIdentifier>
    </Filter>
  </ItemGroup>
  <ItemGroup>
    <ClInclude Include="$(MSBuildThisFileDirectory)Source\A2GUI\A2GUIBackground.h">
      <Filter>A2GUI</Filter>
    </ClInclude>
    <ClInclude Include="$(MSBuildThisFileDirectory)Source\AAssetStreaming.h" />
    <ClInclude Include="$(MSBuildThisFileDirectory)Source\AAssetStreamingJobs.h" />
    <ClInclude Include="$(MSBuildThisFileDirectory)Source\ARandom.h" />
    <ClInclude Include="$(MSBuildThisFileDirectory)Source\ARootTask.h" />
    <ClInclude Include="$(MSBuildThisFileDirectory)Source\AStack.h" />
    <ClInclude Include="$(MSBuildThisFileDirectory)Source\Console\AConsoleVar.h">
      <Filter>Console</Filter>
    </ClInclude>
    <ClInclude Include="$(MSBuildThisFileDirectory)Source\GameInterface\AFrontEndMovieState.h">
      <Filter>GameInterface</Filter>
    </ClInclude>
    <ClInclude Include="$(MSBuildThisFileDirectory)Source\GameInterface\AGameState.h">
      <Filter>GameInterface</Filter>
    </ClInclude>
    <ClInclude Include="$(MSBuildThisFileDirectory)Source\GameInterface\AGameStateController.h">
      <Filter>GameInterface</Filter>
    </ClInclude>
    <ClInclude Include="$(MSBuildThisFileDirectory)Source\ImGui\AImGui.h">
      <Filter>ImGui</Filter>
    </ClInclude>
    <ClInclude Include="$(MSBuildThisFileDirectory)Source\ImGui\imconfig.h">
      <Filter>ImGui</Filter>
    </ClInclude>
    <ClInclude Include="$(MSBuildThisFileDirectory)Source\ImGui\imgui.h">
      <Filter>ImGui</Filter>
    </ClInclude>
    <ClInclude Include="$(MSBuildThisFileDirectory)Source\ImGui\imgui_impl_dx11.h">
      <Filter>ImGui</Filter>
    </ClInclude>
    <ClInclude Include="$(MSBuildThisFileDirectory)Source\ImGui\imgui_impl_win32.h">
      <Filter>ImGui</Filter>
    </ClInclude>
    <ClInclude Include="$(MSBuildThisFileDirectory)Source\ImGui\imgui_internal.h">
      <Filter>ImGui</Filter>
    </ClInclude>
    <ClInclude Include="$(MSBuildThisFileDirectory)Source\ImGui\imstb_rectpack.h">
      <Filter>ImGui</Filter>
    </ClInclude>
    <ClInclude Include="$(MSBuildThisFileDirectory)Source\ImGui\imstb_textedit.h">
      <Filter>ImGui</Filter>
    </ClInclude>
    <ClInclude Include="$(MSBuildThisFileDirectory)Source\ImGui\imstb_truetype.h">
      <Filter>ImGui</Filter>
    </ClInclude>
    <ClInclude Include="$(MSBuildThisFileDirectory)Source\Input\AInputHelper.h">
      <Filter>Input</Filter>
    </ClInclude>
    <ClInclude Include="$(MSBuildThisFileDirectory)Source\Input\AInputHelperSimple.h">
      <Filter>Input</Filter>
    </ClInclude>
    <ClInclude Include="$(MSBuildThisFileDirectory)Source\Input\AInputManager2.h">
      <Filter>Input</Filter>
    </ClInclude>
    <ClInclude Include="$(MSBuildThisFileDirectory)Source\Input\AInputMap.h">
      <Filter>Input</Filter>
    </ClInclude>
    <ClInclude Include="$(MSBuildThisFileDirectory)Source\Locale\ALocaleLookup.h">
      <Filter>Locale</Filter>
    </ClInclude>
    <ClInclude Include="$(MSBuildThisFileDirectory)Source\Locale\ALocaleManager.h">
      <Filter>Locale</Filter>
    </ClInclude>
    <ClInclude Include="$(MSBuildThisFileDirectory)Source\Movie\AMoviePlayer.h">
      <Filter>Movie</Filter>
    </ClInclude>
    <ClInclude Include="$(MSBuildThisFileDirectory)Source\Movie\AMovieState.h">
      <Filter>Movie</Filter>
    </ClInclude>
    <ClInclude Include="$(MSBuildThisFileDirectory)Source\Platform\Windows\DX11\A2GUI\A2GUIRenderer_DX11.h">
      <Filter>Platform\Windows\DX11\A2GUI</Filter>
    </ClInclude>
    <ClInclude Include="$(MSBuildThisFileDirectory)Source\Platform\Windows\DX11\Movie\ADX11MoviePlayer_DX11.h">
      <Filter>Platform\Windows\DX11\Movie</Filter>
    </ClInclude>
    <ClInclude Include="$(MSBuildThisFileDirectory)Source\Render\ARenderer.h">
      <Filter>Render</Filter>
    </ClInclude>
    <ClInclude Include="$(MSBuildThisFileDirectory)Source\Render\ATestModel.h">
      <Filter>Render</Filter>
    </ClInclude>
    <ClInclude Include="$(MSBuildThisFileDirectory)Source\Render\AXYZViewportManager.h">
      <Filter>Render</Filter>
    </ClInclude>
    <ClInclude Include="$(MSBuildThisFileDirectory)Source\Render\ModelLoading\AModelLoader.h">
      <Filter>Render\ModelLoading</Filter>
    </ClInclude>
    <ClInclude Include="$(MSBuildThisFileDirectory)Source\Shaders\ASkinMesh.h">
      <Filter>Shaders</Filter>
    </ClInclude>
  </ItemGroup>
  <ItemGroup>
    <ClCompile Include="$(MSBuildThisFileDirectory)Source\A2GUI\A2GUIBackground.cpp">
      <Filter>A2GUI</Filter>
    </ClCompile>
    <ClCompile Include="$(MSBuildThisFileDirectory)Source\AAssetStreaming.cpp" />
    <ClCompile Include="$(MSBuildThisFileDirectory)Source\AAssetStreamingJobs.cpp" />
    <ClCompile Include="$(MSBuildThisFileDirectory)Source\ARootTask.cpp" />
    <ClCompile Include="$(MSBuildThisFileDirectory)Source\Console\AConsoleVar.cpp">
      <Filter>Console</Filter>
    </ClCompile>
    <ClCompile Include="$(MSBuildThisFileDirectory)Source\GameInterface\AFrontEndMovieState.cpp">
      <Filter>GameInterface</Filter>
    </ClCompile>
    <ClCompile Include="$(MSBuildThisFileDirectory)Source\GameInterface\AGameState.cpp">
      <Filter>GameInterface</Filter>
    </ClCompile>
    <ClCompile Include="$(MSBuildThisFileDirectory)Source\GameInterface\AGameStateController.cpp">
      <Filter>GameInterface</Filter>
    </ClCompile>
    <ClCompile Include="$(MSBuildThisFileDirectory)Source\ImGui\AImGui.cpp">
      <Filter>ImGui</Filter>
    </ClCompile>
    <ClCompile Include="$(MSBuildThisFileDirectory)Source\ImGui\imgui.cpp">
      <Filter>ImGui</Filter>
    </ClCompile>
    <ClCompile Include="$(MSBuildThisFileDirectory)Source\ImGui\imgui_draw.cpp">
      <Filter>ImGui</Filter>
    </ClCompile>
    <ClCompile Include="$(MSBuildThisFileDirectory)Source\ImGui\imgui_impl_dx11.cpp">
      <Filter>ImGui</Filter>
    </ClCompile>
    <ClCompile Include="$(MSBuildThisFileDirectory)Source\ImGui\imgui_impl_win32.cpp">
      <Filter>ImGui</Filter>
    </ClCompile>
    <ClCompile Include="$(MSBuildThisFileDirectory)Source\ImGui\imgui_tables.cpp">
      <Filter>ImGui</Filter>
    </ClCompile>
    <ClCompile Include="$(MSBuildThisFileDirectory)Source\ImGui\imgui_widgets.cpp">
      <Filter>ImGui</Filter>
    </ClCompile>
    <ClCompile Include="$(MSBuildThisFileDirectory)Source\Input\AInputHelper.cpp">
      <Filter>Input</Filter>
    </ClCompile>
    <ClCompile Include="$(MSBuildThisFileDirectory)Source\Input\AInputHelperSimple.cpp">
      <Filter>Input</Filter>
    </ClCompile>
    <ClCompile Include="$(MSBuildThisFileDirectory)Source\Input\AInputManager2.cpp">
      <Filter>Input</Filter>
    </ClCompile>
    <ClCompile Include="$(MSBuildThisFileDirectory)Source\Input\AInputMap.cpp">
      <Filter>Input</Filter>
    </ClCompile>
    <ClCompile Include="$(MSBuildThisFileDirectory)Source\Locale\ALocaleLookup.cpp">
      <Filter>Locale</Filter>
    </ClCompile>
    <ClCompile Include="$(MSBuildThisFileDirectory)Source\Locale\ALocaleManager.cpp">
      <Filter>Locale</Filter>
    </ClCompile>
    <ClCompile Include="$(MSBuildThisFileDirectory)Source\Movie\AMoviePlayer.cpp">
      <Filter>Movie</Filter>
    </ClCompile>
    <ClCompile Include="$(MSBuildThisFileDirectory)Source\Movie\AMovieState.cpp">
      <Filter>Movie</Filter>
    </ClCompile>
    <ClCompile Include="$(MSBuildThisFileDirectory)Source\Platform\Windows\DX11\A2GUI\A2GUIRenderer_DX11.cpp">
      <Filter>Platform\Windows\DX11\A2GUI</Filter>
    </ClCompile>
    <ClCompile Include="$(MSBuildThisFileDirectory)Source\Platform\Windows\DX11\Movie\ADX11MoviePlayer_DX11.cpp">
      <Filter>Platform\Windows\DX11\Movie</Filter>
    </ClCompile>
    <ClCompile Include="$(MSBuildThisFileDirectory)Source\Render\ARenderer.cpp">
      <Filter>Render</Filter>
    </ClCompile>
    <ClCompile Include="$(MSBuildThisFileDirectory)Source\Render\ATestModel.cpp">
      <Filter>Render</Filter>
    </ClCompile>
    <ClCompile Include="$(MSBuildThisFileDirectory)Source\Render\AXYZViewportManager.cpp">
      <Filter>Render</Filter>
    </ClCompile>
    <ClCompile Include="$(MSBuildThisFileDirectory)Source\Render\ModelLoading\AModelLoader.cpp">
      <Filter>Render\ModelLoading</Filter>
    </ClCompile>
    <ClCompile Include="$(MSBuildThisFileDirectory)Source\Shaders\ASkinMesh.cpp">
      <Filter>Shaders</Filter>
    </ClCompile>
  </ItemGroup>
</Project>